
Microsoft Visual Studio Solution File, Format Version 12.00
# Visual Studio 15
VisualStudioVersion = 15.0.27130.2010
MinimumVisualStudioVersion = 10.0.40219.1
Project("{FAE04EC0-301F-11D3-BF4B-00C04F79EFBC}") = "WinForm01", "WinForm01\WinForm01.csproj", "{0A9C9D8B-839F-4967-9405-F4A3F3BB07AB}"
EndProject
Global
	GlobalSection(SolutionConfigurationPlatforms) = preSolution
		Debug|Any CPU = Debug|Any CPU
		Release|Any CPU = Release|Any CPU
	EndGlobalSection
	GlobalSection(ProjectConfigurationPlatforms) = postSolution
		{0A9C9D8B-839F-4967-9405-F4A3F3BB07AB}.Debug|Any CPU.ActiveCfg = Debug|Any CPU
		{0A9C9D8B-839F-4967-9405-F4A3F3BB07AB}.Debug|Any CPU.Build.0 = Debug|Any CPU
		{0A9C9D8B-839F-4967-9405-F4A3F3BB07AB}.Release|Any CPU.ActiveCfg = Release|Any CPU
		{0A9C9D8B-839F-4967-9405-F4A3F3BB07AB}.Release|Any CPU.Build.0 = Release|Any CPU
	EndGlobalSection
	GlobalSection(SolutionProperties) = preSolution
		HideSolutionNode = FALSE
	EndGlobalSection
	GlobalSection(ExtensibilityGlobals) = postSolution
		SolutionGuid = {10BD3930-18BF-4268-B19B-B5F12944F54E}
	EndGlobalSection
EndGlobal
